{
  "version": 4,
  "terraform_version": "1.9.8",
  "serial": 18,
  "lineage": "0e8e9fd3-a634-5034-93ec-3cc6c8bcece5",
  "outputs": {},
  "resources": [
    {
      "mode": "managed",
      "type": "azurerm_linux_virtual_machine",
      "name": "vm_linux",
      "provider": "provider[\"registry.terraform.io/hashicorp/azurerm\"]",
      "instances": [
        {
          "index_key": "linux",
          "schema_version": 0,
          "attributes": {
            "additional_capabilities": [],
            "admin_password": null,
            "admin_ssh_key": [
              {
                "public_key": "ssh-rsa AAAAB3NzaC1yc2EAAAADAQABAAABgQC3vkEdXaLU7V3m92IS24Jyj8/ZUBHo1kA7WAF4NdJzMIscB/cOW570LISJ72q2h8luxtLwxMALuwwqYdaW8OpZUl4BSbpviaUIPhjRvthErhUoIHhklLRfUN1Ry1LyDny1QpKKbmrl5z0aP48Wl0gH7MTr/zCPU9+d2p3EOQ1BfudT2qUJMywplfpLvJXysFMxDtTiP0jnXE3BAecbdO5Y7vT70R4CaHnxsnMKVRtGlbj/hsIumEOnwR5A62n9queaIRXAT0gUd92mbjgQ1NoKbwe3C3F5SA/nTc1vDNOr5WHTNrmpJTValgxk4rn4slJemXK44k/Vt7rQuAxf1m8yqRLNqZPyH2g+6ZCPc0rcL68hVAebF2PjXgjzsQCfRL8niK3tTh1epn/LzgFUs4LEGlvOsxywpe0Q0lKM5OrkUg4ftxUfIfr6jGuCiFtF8NOZW2ltfpMVoMRpeQcS/0YFT3qmxb6ffQSz/D1bnknjqC8K2hNAhkpyNrrFSf3RAXU= ayoubfnizi@Ayoubs-MacBook-Pro.local\n",
                "username": "Ayoub"
              }
            ],
            "admin_username": "Ayoub",
            "allow_extension_operations": true,
            "availability_set_id": "",
            "boot_diagnostics": [],
            "bypass_platform_safety_checks_on_user_schedule_enabled": false,
            "capacity_reservation_group_id": "",
            "computer_name": "Linux1",
            "custom_data": null,
            "dedicated_host_group_id": "",
            "dedicated_host_id": "",
            "disable_password_authentication": true,
            "disk_controller_type": "",
            "edge_zone": "",
            "encryption_at_host_enabled": false,
            "eviction_policy": "",
            "extensions_time_budget": "PT1H30M",
            "gallery_application": [],
            "id": "/subscriptions/0b15b40d-18c9-4474-8fa0-26b43d03ba8c/resourceGroups/RabbitMQ-Upwork/providers/Microsoft.Compute/virtualMachines/Linux1",
            "identity": [],
            "license_type": "",
            "location": "francecentral",
            "max_bid_price": -1,
            "name": "Linux1",
            "network_interface_ids": [
              "/subscriptions/0b15b40d-18c9-4474-8fa0-26b43d03ba8c/resourceGroups/RabbitMQ-Upwork/providers/Microsoft.Network/networkInterfaces/nic-Linux1"
            ],
            "os_disk": [
              {
                "caching": "ReadWrite",
                "diff_disk_settings": [],
                "disk_encryption_set_id": "",
                "disk_size_gb": 30,
                "name": "Linux1_OsDisk_1_778e3efaa1d944aa990dc491c65bcfd4",
                "secure_vm_disk_encryption_set_id": "",
                "security_encryption_type": "",
                "storage_account_type": "Standard_LRS",
                "write_accelerator_enabled": false
              }
            ],
            "os_image_notification": [],
            "patch_assessment_mode": "ImageDefault",
            "patch_mode": "ImageDefault",
            "plan": [
              {
                "name": "rocky-linux-9-4",
                "product": "rocky-linux-9-4",
                "publisher": "procomputers"
              }
            ],
            "platform_fault_domain": -1,
            "priority": "Regular",
            "private_ip_address": "10.0.20.4",
            "private_ip_addresses": [
              "10.0.20.4"
            ],
            "provision_vm_agent": true,
            "proximity_placement_group_id": "",
            "public_ip_address": "52.143.171.237",
            "public_ip_addresses": [
              "52.143.171.237"
            ],
            "reboot_setting": "",
            "resource_group_name": "RabbitMQ-Upwork",
            "secret": [],
            "secure_boot_enabled": false,
            "size": "Standard_B2s",
            "source_image_id": "",
            "source_image_reference": [
              {
                "offer": "rocky-linux-9-4",
                "publisher": "procomputers",
                "sku": "rocky-linux-9-4",
                "version": "latest"
              }
            ],
            "tags": {},
            "termination_notification": [],
            "timeouts": null,
            "user_data": "",
            "virtual_machine_id": "49275454-6c93-4e84-ae8d-48aa45bf6910",
            "virtual_machine_scale_set_id": "",
            "vm_agent_platform_updates_enabled": false,
            "vtpm_enabled": false,
            "zone": ""
          },
          "sensitive_attributes": [
            [
              {
                "type": "get_attr",
                "value": "custom_data"
              }
            ],
            [
              {
                "type": "get_attr",
                "value": "admin_password"
              }
            ]
          ],
          "private": "eyJlMmJmYjczMC1lY2FhLTExZTYtOGY4OC0zNDM2M2JjN2M0YzAiOnsiY3JlYXRlIjoyNzAwMDAwMDAwMDAwLCJkZWxldGUiOjI3MDAwMDAwMDAwMDAsInJlYWQiOjMwMDAwMDAwMDAwMCwidXBkYXRlIjoyNzAwMDAwMDAwMDAwfX0=",
          "dependencies": [
            "azurerm_network_interface.nic",
            "azurerm_public_ip.pip",
            "azurerm_resource_group.rg",
            "azurerm_subnet.subnet",
            "azurerm_virtual_network.vnet"
          ]
        },
        {
          "index_key": "linux2",
          "schema_version": 0,
          "attributes": {
            "additional_capabilities": [],
            "admin_password": null,
            "admin_ssh_key": [
              {
                "public_key": "ssh-rsa AAAAB3NzaC1yc2EAAAADAQABAAABgQC3vkEdXaLU7V3m92IS24Jyj8/ZUBHo1kA7WAF4NdJzMIscB/cOW570LISJ72q2h8luxtLwxMALuwwqYdaW8OpZUl4BSbpviaUIPhjRvthErhUoIHhklLRfUN1Ry1LyDny1QpKKbmrl5z0aP48Wl0gH7MTr/zCPU9+d2p3EOQ1BfudT2qUJMywplfpLvJXysFMxDtTiP0jnXE3BAecbdO5Y7vT70R4CaHnxsnMKVRtGlbj/hsIumEOnwR5A62n9queaIRXAT0gUd92mbjgQ1NoKbwe3C3F5SA/nTc1vDNOr5WHTNrmpJTValgxk4rn4slJemXK44k/Vt7rQuAxf1m8yqRLNqZPyH2g+6ZCPc0rcL68hVAebF2PjXgjzsQCfRL8niK3tTh1epn/LzgFUs4LEGlvOsxywpe0Q0lKM5OrkUg4ftxUfIfr6jGuCiFtF8NOZW2ltfpMVoMRpeQcS/0YFT3qmxb6ffQSz/D1bnknjqC8K2hNAhkpyNrrFSf3RAXU= ayoubfnizi@Ayoubs-MacBook-Pro.local\n",
                "username": "Ayoub"
              }
            ],
            "admin_username": "Ayoub",
            "allow_extension_operations": true,
            "availability_set_id": "",
            "boot_diagnostics": [],
            "bypass_platform_safety_checks_on_user_schedule_enabled": false,
            "capacity_reservation_group_id": "",
            "computer_name": "Linux2",
            "custom_data": null,
            "dedicated_host_group_id": "",
            "dedicated_host_id": "",
            "disable_password_authentication": true,
            "disk_controller_type": "",
            "edge_zone": "",
            "encryption_at_host_enabled": false,
            "eviction_policy": "",
            "extensions_time_budget": "PT1H30M",
            "gallery_application": [],
            "id": "/subscriptions/0b15b40d-18c9-4474-8fa0-26b43d03ba8c/resourceGroups/RabbitMQ-Upwork/providers/Microsoft.Compute/virtualMachines/Linux2",
            "identity": [],
            "license_type": "",
            "location": "francecentral",
            "max_bid_price": -1,
            "name": "Linux2",
            "network_interface_ids": [
              "/subscriptions/0b15b40d-18c9-4474-8fa0-26b43d03ba8c/resourceGroups/RabbitMQ-Upwork/providers/Microsoft.Network/networkInterfaces/nic-Linux2"
            ],
            "os_disk": [
              {
                "caching": "ReadWrite",
                "diff_disk_settings": [],
                "disk_encryption_set_id": "",
                "disk_size_gb": 30,
                "name": "Linux2_OsDisk_1_ec4864f924d6438e8ce92ee649e7e9d6",
                "secure_vm_disk_encryption_set_id": "",
                "security_encryption_type": "",
                "storage_account_type": "Standard_LRS",
                "write_accelerator_enabled": false
              }
            ],
            "os_image_notification": [],
            "patch_assessment_mode": "ImageDefault",
            "patch_mode": "ImageDefault",
            "plan": [
              {
                "name": "rocky-linux-9-4",
                "product": "rocky-linux-9-4",
                "publisher": "procomputers"
              }
            ],
            "platform_fault_domain": -1,
            "priority": "Regular",
            "private_ip_address": "10.0.20.5",
            "private_ip_addresses": [
              "10.0.20.5"
            ],
            "provision_vm_agent": true,
            "proximity_placement_group_id": "",
            "public_ip_address": "52.143.170.68",
            "public_ip_addresses": [
              "52.143.170.68"
            ],
            "reboot_setting": "",
            "resource_group_name": "RabbitMQ-Upwork",
            "secret": [],
            "secure_boot_enabled": false,
            "size": "Standard_B2s",
            "source_image_id": "",
            "source_image_reference": [
              {
                "offer": "rocky-linux-9-4",
                "publisher": "procomputers",
                "sku": "rocky-linux-9-4",
                "version": "latest"
              }
            ],
            "tags": {},
            "termination_notification": [],
            "timeouts": null,
            "user_data": "",
            "virtual_machine_id": "9e9aad3c-2572-48b0-a1bb-e6a2eb222449",
            "virtual_machine_scale_set_id": "",
            "vm_agent_platform_updates_enabled": false,
            "vtpm_enabled": false,
            "zone": ""
          },
          "sensitive_attributes": [
            [
              {
                "type": "get_attr",
                "value": "custom_data"
              }
            ],
            [
              {
                "type": "get_attr",
                "value": "admin_password"
              }
            ]
          ],
          "private": "eyJlMmJmYjczMC1lY2FhLTExZTYtOGY4OC0zNDM2M2JjN2M0YzAiOnsiY3JlYXRlIjoyNzAwMDAwMDAwMDAwLCJkZWxldGUiOjI3MDAwMDAwMDAwMDAsInJlYWQiOjMwMDAwMDAwMDAwMCwidXBkYXRlIjoyNzAwMDAwMDAwMDAwfX0=",
          "dependencies": [
            "azurerm_network_interface.nic",
            "azurerm_public_ip.pip",
            "azurerm_resource_group.rg",
            "azurerm_subnet.subnet",
            "azurerm_virtual_network.vnet"
          ]
        }
      ]
    },
    {
      "mode": "managed",
      "type": "azurerm_network_interface",
      "name": "nic",
      "provider": "provider[\"registry.terraform.io/hashicorp/azurerm\"]",
      "instances": [
        {
          "index_key": "linux",
          "schema_version": 0,
          "attributes": {
            "accelerated_networking_enabled": false,
            "applied_dns_servers": [],
            "auxiliary_mode": "",
            "auxiliary_sku": "",
            "dns_servers": [],
            "edge_zone": "",
            "enable_accelerated_networking": false,
            "enable_ip_forwarding": false,
            "id": "/subscriptions/0b15b40d-18c9-4474-8fa0-26b43d03ba8c/resourceGroups/RabbitMQ-Upwork/providers/Microsoft.Network/networkInterfaces/nic-Linux1",
            "internal_dns_name_label": "",
            "internal_domain_name_suffix": "",
            "ip_configuration": [
              {
                "gateway_load_balancer_frontend_ip_configuration_id": "",
                "name": "internal",
                "primary": true,
                "private_ip_address": "10.0.20.4",
                "private_ip_address_allocation": "Dynamic",
                "private_ip_address_version": "IPv4",
                "public_ip_address_id": "/subscriptions/0b15b40d-18c9-4474-8fa0-26b43d03ba8c/resourceGroups/RabbitMQ-Upwork/providers/Microsoft.Network/publicIPAddresses/pip-Linux1",
                "subnet_id": "/subscriptions/0b15b40d-18c9-4474-8fa0-26b43d03ba8c/resourceGroups/RabbitMQ-Upwork/providers/Microsoft.Network/virtualNetworks/vnet-ansible/subnets/subnet-ansible"
              }
            ],
            "ip_forwarding_enabled": false,
            "location": "francecentral",
            "mac_address": "00-0D-3A-E7-14-D3",
            "name": "nic-Linux1",
            "private_ip_address": "10.0.20.4",
            "private_ip_addresses": [
              "10.0.20.4"
            ],
            "resource_group_name": "RabbitMQ-Upwork",
            "tags": {},
            "timeouts": null,
            "virtual_machine_id": "/subscriptions/0b15b40d-18c9-4474-8fa0-26b43d03ba8c/resourceGroups/RABBITMQ-UPWORK/providers/Microsoft.Compute/virtualMachines/Linux1"
          },
          "sensitive_attributes": [],
          "private": "eyJlMmJmYjczMC1lY2FhLTExZTYtOGY4OC0zNDM2M2JjN2M0YzAiOnsiY3JlYXRlIjoxODAwMDAwMDAwMDAwLCJkZWxldGUiOjE4MDAwMDAwMDAwMDAsInJlYWQiOjMwMDAwMDAwMDAwMCwidXBkYXRlIjoxODAwMDAwMDAwMDAwfX0=",
          "dependencies": [
            "azurerm_public_ip.pip",
            "azurerm_resource_group.rg",
            "azurerm_subnet.subnet",
            "azurerm_virtual_network.vnet"
          ]
        },
        {
          "index_key": "linux2",
          "schema_version": 0,
          "attributes": {
            "accelerated_networking_enabled": false,
            "applied_dns_servers": [],
            "auxiliary_mode": "",
            "auxiliary_sku": "",
            "dns_servers": [],
            "edge_zone": "",
            "enable_accelerated_networking": false,
            "enable_ip_forwarding": false,
            "id": "/subscriptions/0b15b40d-18c9-4474-8fa0-26b43d03ba8c/resourceGroups/RabbitMQ-Upwork/providers/Microsoft.Network/networkInterfaces/nic-Linux2",
            "internal_dns_name_label": "",
            "internal_domain_name_suffix": "",
            "ip_configuration": [
              {
                "gateway_load_balancer_frontend_ip_configuration_id": "",
                "name": "internal",
                "primary": true,
                "private_ip_address": "10.0.20.5",
                "private_ip_address_allocation": "Dynamic",
                "private_ip_address_version": "IPv4",
                "public_ip_address_id": "/subscriptions/0b15b40d-18c9-4474-8fa0-26b43d03ba8c/resourceGroups/RabbitMQ-Upwork/providers/Microsoft.Network/publicIPAddresses/pip-Linux2",
                "subnet_id": "/subscriptions/0b15b40d-18c9-4474-8fa0-26b43d03ba8c/resourceGroups/RabbitMQ-Upwork/providers/Microsoft.Network/virtualNetworks/vnet-ansible/subnets/subnet-ansible"
              }
            ],
            "ip_forwarding_enabled": false,
            "location": "francecentral",
            "mac_address": "00-22-48-38-CC-57",
            "name": "nic-Linux2",
            "private_ip_address": "10.0.20.5",
            "private_ip_addresses": [
              "10.0.20.5"
            ],
            "resource_group_name": "RabbitMQ-Upwork",
            "tags": {},
            "timeouts": null,
            "virtual_machine_id": "/subscriptions/0b15b40d-18c9-4474-8fa0-26b43d03ba8c/resourceGroups/RabbitMQ-Upwork/providers/Microsoft.Compute/virtualMachines/Linux2"
          },
          "sensitive_attributes": [],
          "private": "eyJlMmJmYjczMC1lY2FhLTExZTYtOGY4OC0zNDM2M2JjN2M0YzAiOnsiY3JlYXRlIjoxODAwMDAwMDAwMDAwLCJkZWxldGUiOjE4MDAwMDAwMDAwMDAsInJlYWQiOjMwMDAwMDAwMDAwMCwidXBkYXRlIjoxODAwMDAwMDAwMDAwfX0=",
          "dependencies": [
            "azurerm_public_ip.pip",
            "azurerm_resource_group.rg",
            "azurerm_subnet.subnet",
            "azurerm_virtual_network.vnet"
          ]
        },
        {
          "index_key": "windows",
          "schema_version": 0,
          "attributes": {
            "accelerated_networking_enabled": false,
            "applied_dns_servers": [],
            "auxiliary_mode": "",
            "auxiliary_sku": "",
            "dns_servers": [],
            "edge_zone": "",
            "enable_accelerated_networking": false,
            "enable_ip_forwarding": false,
            "id": "/subscriptions/0b15b40d-18c9-4474-8fa0-26b43d03ba8c/resourceGroups/RabbitMQ-Upwork/providers/Microsoft.Network/networkInterfaces/nic-RabbitMQ",
            "internal_dns_name_label": "",
            "internal_domain_name_suffix": "a1yvpvnls4hu1miyie4ryut02b.parx.internal.cloudapp.net",
            "ip_configuration": [
              {
                "gateway_load_balancer_frontend_ip_configuration_id": "",
                "name": "internal",
                "primary": true,
                "private_ip_address": "10.0.20.6",
                "private_ip_address_allocation": "Dynamic",
                "private_ip_address_version": "IPv4",
                "public_ip_address_id": "/subscriptions/0b15b40d-18c9-4474-8fa0-26b43d03ba8c/resourceGroups/RabbitMQ-Upwork/providers/Microsoft.Network/publicIPAddresses/pip-RabbitMQ",
                "subnet_id": "/subscriptions/0b15b40d-18c9-4474-8fa0-26b43d03ba8c/resourceGroups/RabbitMQ-Upwork/providers/Microsoft.Network/virtualNetworks/vnet-ansible/subnets/subnet-ansible"
              }
            ],
            "ip_forwarding_enabled": false,
            "location": "francecentral",
            "mac_address": "",
            "name": "nic-RabbitMQ",
            "private_ip_address": "10.0.20.6",
            "private_ip_addresses": [
              "10.0.20.6"
            ],
            "resource_group_name": "RabbitMQ-Upwork",
            "tags": null,
            "timeouts": null,
            "virtual_machine_id": ""
          },
          "sensitive_attributes": [],
          "private": "eyJlMmJmYjczMC1lY2FhLTExZTYtOGY4OC0zNDM2M2JjN2M0YzAiOnsiY3JlYXRlIjoxODAwMDAwMDAwMDAwLCJkZWxldGUiOjE4MDAwMDAwMDAwMDAsInJlYWQiOjMwMDAwMDAwMDAwMCwidXBkYXRlIjoxODAwMDAwMDAwMDAwfX0=",
          "dependencies": [
            "azurerm_public_ip.pip",
            "azurerm_resource_group.rg",
            "azurerm_subnet.subnet",
            "azurerm_virtual_network.vnet"
          ]
        }
      ]
    },
    {
      "mode": "managed",
      "type": "azurerm_network_interface_security_group_association",
      "name": "nsg_association",
      "provider": "provider[\"registry.terraform.io/hashicorp/azurerm\"]",
      "instances": [
        {
          "index_key": "linux",
          "schema_version": 0,
          "attributes": {
            "id": "/subscriptions/0b15b40d-18c9-4474-8fa0-26b43d03ba8c/resourceGroups/RabbitMQ-Upwork/providers/Microsoft.Network/networkInterfaces/nic-Linux1|/subscriptions/0b15b40d-18c9-4474-8fa0-26b43d03ba8c/resourceGroups/RabbitMQ-Upwork/providers/Microsoft.Network/networkSecurityGroups/nsg-ansible",
            "network_interface_id": "/subscriptions/0b15b40d-18c9-4474-8fa0-26b43d03ba8c/resourceGroups/RabbitMQ-Upwork/providers/Microsoft.Network/networkInterfaces/nic-Linux1",
            "network_security_group_id": "/subscriptions/0b15b40d-18c9-4474-8fa0-26b43d03ba8c/resourceGroups/RabbitMQ-Upwork/providers/Microsoft.Network/networkSecurityGroups/nsg-ansible",
            "timeouts": null
          },
          "sensitive_attributes": [],
          "private": "eyJlMmJmYjczMC1lY2FhLTExZTYtOGY4OC0zNDM2M2JjN2M0YzAiOnsiY3JlYXRlIjoxODAwMDAwMDAwMDAwLCJkZWxldGUiOjE4MDAwMDAwMDAwMDAsInJlYWQiOjMwMDAwMDAwMDAwMH19",
          "dependencies": [
            "azurerm_network_interface.nic",
            "azurerm_network_security_group.nsg",
            "azurerm_public_ip.pip",
            "azurerm_resource_group.rg",
            "azurerm_subnet.subnet",
            "azurerm_virtual_network.vnet"
          ]
        },
        {
          "index_key": "linux2",
          "schema_version": 0,
          "attributes": {
            "id": "/subscriptions/0b15b40d-18c9-4474-8fa0-26b43d03ba8c/resourceGroups/RabbitMQ-Upwork/providers/Microsoft.Network/networkInterfaces/nic-Linux2|/subscriptions/0b15b40d-18c9-4474-8fa0-26b43d03ba8c/resourceGroups/RabbitMQ-Upwork/providers/Microsoft.Network/networkSecurityGroups/nsg-ansible",
            "network_interface_id": "/subscriptions/0b15b40d-18c9-4474-8fa0-26b43d03ba8c/resourceGroups/RabbitMQ-Upwork/providers/Microsoft.Network/networkInterfaces/nic-Linux2",
            "network_security_group_id": "/subscriptions/0b15b40d-18c9-4474-8fa0-26b43d03ba8c/resourceGroups/RabbitMQ-Upwork/providers/Microsoft.Network/networkSecurityGroups/nsg-ansible",
            "timeouts": null
          },
          "sensitive_attributes": [],
          "private": "eyJlMmJmYjczMC1lY2FhLTExZTYtOGY4OC0zNDM2M2JjN2M0YzAiOnsiY3JlYXRlIjoxODAwMDAwMDAwMDAwLCJkZWxldGUiOjE4MDAwMDAwMDAwMDAsInJlYWQiOjMwMDAwMDAwMDAwMH19",
          "dependencies": [
            "azurerm_network_interface.nic",
            "azurerm_network_security_group.nsg",
            "azurerm_public_ip.pip",
            "azurerm_resource_group.rg",
            "azurerm_subnet.subnet",
            "azurerm_virtual_network.vnet"
          ]
        },
        {
          "index_key": "windows",
          "schema_version": 0,
          "attributes": {
            "id": "/subscriptions/0b15b40d-18c9-4474-8fa0-26b43d03ba8c/resourceGroups/RabbitMQ-Upwork/providers/Microsoft.Network/networkInterfaces/nic-RabbitMQ|/subscriptions/0b15b40d-18c9-4474-8fa0-26b43d03ba8c/resourceGroups/RabbitMQ-Upwork/providers/Microsoft.Network/networkSecurityGroups/nsg-ansible",
            "network_interface_id": "/subscriptions/0b15b40d-18c9-4474-8fa0-26b43d03ba8c/resourceGroups/RabbitMQ-Upwork/providers/Microsoft.Network/networkInterfaces/nic-RabbitMQ",
            "network_security_group_id": "/subscriptions/0b15b40d-18c9-4474-8fa0-26b43d03ba8c/resourceGroups/RabbitMQ-Upwork/providers/Microsoft.Network/networkSecurityGroups/nsg-ansible",
            "timeouts": null
          },
          "sensitive_attributes": [],
          "private": "eyJlMmJmYjczMC1lY2FhLTExZTYtOGY4OC0zNDM2M2JjN2M0YzAiOnsiY3JlYXRlIjoxODAwMDAwMDAwMDAwLCJkZWxldGUiOjE4MDAwMDAwMDAwMDAsInJlYWQiOjMwMDAwMDAwMDAwMH19",
          "dependencies": [
            "azurerm_network_interface.nic",
            "azurerm_network_security_group.nsg",
            "azurerm_public_ip.pip",
            "azurerm_resource_group.rg",
            "azurerm_subnet.subnet",
            "azurerm_virtual_network.vnet"
          ]
        }
      ]
    },
    {
      "mode": "managed",
      "type": "azurerm_network_security_group",
      "name": "nsg",
      "provider": "provider[\"registry.terraform.io/hashicorp/azurerm\"]",
      "instances": [
        {
          "schema_version": 0,
          "attributes": {
            "id": "/subscriptions/0b15b40d-18c9-4474-8fa0-26b43d03ba8c/resourceGroups/RabbitMQ-Upwork/providers/Microsoft.Network/networkSecurityGroups/nsg-ansible",
            "location": "francecentral",
            "name": "nsg-ansible",
            "resource_group_name": "RabbitMQ-Upwork",
            "security_rule": [
              {
                "access": "Allow",
                "description": "",
                "destination_address_prefix": "*",
                "destination_address_prefixes": [],
                "destination_application_security_group_ids": [],
                "destination_port_range": "",
                "destination_port_ranges": [
                  "15672",
                  "5672"
                ],
                "direction": "Inbound",
                "name": "RabbitMQ_Client_Ports",
                "priority": 320,
                "protocol": "Tcp",
                "source_address_prefix": "4.178.170.27",
                "source_address_prefixes": [],
                "source_application_security_group_ids": [],
                "source_port_range": "*",
                "source_port_ranges": []
              },
              {
                "access": "Allow",
                "description": "",
                "destination_address_prefix": "*",
                "destination_address_prefixes": [],
                "destination_application_security_group_ids": [],
                "destination_port_range": "",
                "destination_port_ranges": [
                  "25672",
                  "35672-35682",
                  "4369"
                ],
                "direction": "Inbound",
                "name": "RabbitMQ_Cluster_Communication",
                "priority": 310,
                "protocol": "Tcp",
                "source_address_prefix": "10.0.20.0/25",
                "source_address_prefixes": [],
                "source_application_security_group_ids": [],
                "source_port_range": "*",
                "source_port_ranges": []
              },
              {
                "access": "Allow",
                "description": "",
                "destination_address_prefix": "*",
                "destination_address_prefixes": [],
                "destination_application_security_group_ids": [],
                "destination_port_range": "",
                "destination_port_ranges": [
                  "5985",
                  "5986"
                ],
                "direction": "Inbound",
                "name": "WinRM",
                "priority": 300,
                "protocol": "Tcp",
                "source_address_prefix": "4.178.170.27",
                "source_address_prefixes": [],
                "source_application_security_group_ids": [],
                "source_port_range": "*",
                "source_port_ranges": []
              },
              {
                "access": "Allow",
                "description": "",
                "destination_address_prefix": "*",
                "destination_address_prefixes": [],
                "destination_application_security_group_ids": [],
                "destination_port_range": "22",
                "destination_port_ranges": [],
                "direction": "Inbound",
                "name": "SSH",
                "priority": 100,
                "protocol": "Tcp",
                "source_address_prefix": "*",
                "source_address_prefixes": [],
                "source_application_security_group_ids": [],
                "source_port_range": "*",
                "source_port_ranges": []
              },
              {
                "access": "Allow",
                "description": "",
                "destination_address_prefix": "*",
                "destination_address_prefixes": [],
                "destination_application_security_group_ids": [],
                "destination_port_range": "3389",
                "destination_port_ranges": [],
                "direction": "Inbound",
                "name": "RDP",
                "priority": 200,
                "protocol": "Tcp",
                "source_address_prefix": "*",
                "source_address_prefixes": [],
                "source_application_security_group_ids": [],
                "source_port_range": "*",
                "source_port_ranges": []
              }
            ],
            "tags": {},
            "timeouts": null
          },
          "sensitive_attributes": [],
          "private": "eyJlMmJmYjczMC1lY2FhLTExZTYtOGY4OC0zNDM2M2JjN2M0YzAiOnsiY3JlYXRlIjoxODAwMDAwMDAwMDAwLCJkZWxldGUiOjE4MDAwMDAwMDAwMDAsInJlYWQiOjMwMDAwMDAwMDAwMCwidXBkYXRlIjoxODAwMDAwMDAwMDAwfX0=",
          "dependencies": [
            "azurerm_resource_group.rg"
          ]
        }
      ]
    },
    {
      "mode": "managed",
      "type": "azurerm_public_ip",
      "name": "pip",
      "provider": "provider[\"registry.terraform.io/hashicorp/azurerm\"]",
      "instances": [
        {
          "index_key": "linux",
          "schema_version": 0,
          "attributes": {
            "allocation_method": "Static",
            "ddos_protection_mode": "VirtualNetworkInherited",
            "ddos_protection_plan_id": null,
            "domain_name_label": null,
            "edge_zone": "",
            "fqdn": null,
            "id": "/subscriptions/0b15b40d-18c9-4474-8fa0-26b43d03ba8c/resourceGroups/RabbitMQ-Upwork/providers/Microsoft.Network/publicIPAddresses/pip-Linux1",
            "idle_timeout_in_minutes": 4,
            "ip_address": "52.143.171.237",
            "ip_tags": {},
            "ip_version": "IPv4",
            "location": "francecentral",
            "name": "pip-Linux1",
            "public_ip_prefix_id": null,
            "resource_group_name": "RabbitMQ-Upwork",
            "reverse_fqdn": null,
            "sku": "Standard",
            "sku_tier": "Regional",
            "tags": {},
            "timeouts": null,
            "zones": []
          },
          "sensitive_attributes": [],
          "private": "eyJlMmJmYjczMC1lY2FhLTExZTYtOGY4OC0zNDM2M2JjN2M0YzAiOnsiY3JlYXRlIjoxODAwMDAwMDAwMDAwLCJkZWxldGUiOjE4MDAwMDAwMDAwMDAsInJlYWQiOjMwMDAwMDAwMDAwMCwidXBkYXRlIjoxODAwMDAwMDAwMDAwfX0=",
          "dependencies": [
            "azurerm_resource_group.rg"
          ]
        },
        {
          "index_key": "linux2",
          "schema_version": 0,
          "attributes": {
            "allocation_method": "Static",
            "ddos_protection_mode": "VirtualNetworkInherited",
            "ddos_protection_plan_id": null,
            "domain_name_label": null,
            "edge_zone": "",
            "fqdn": null,
            "id": "/subscriptions/0b15b40d-18c9-4474-8fa0-26b43d03ba8c/resourceGroups/RabbitMQ-Upwork/providers/Microsoft.Network/publicIPAddresses/pip-Linux2",
            "idle_timeout_in_minutes": 4,
            "ip_address": "52.143.170.68",
            "ip_tags": {},
            "ip_version": "IPv4",
            "location": "francecentral",
            "name": "pip-Linux2",
            "public_ip_prefix_id": null,
            "resource_group_name": "RabbitMQ-Upwork",
            "reverse_fqdn": null,
            "sku": "Standard",
            "sku_tier": "Regional",
            "tags": {},
            "timeouts": null,
            "zones": []
          },
          "sensitive_attributes": [],
          "private": "eyJlMmJmYjczMC1lY2FhLTExZTYtOGY4OC0zNDM2M2JjN2M0YzAiOnsiY3JlYXRlIjoxODAwMDAwMDAwMDAwLCJkZWxldGUiOjE4MDAwMDAwMDAwMDAsInJlYWQiOjMwMDAwMDAwMDAwMCwidXBkYXRlIjoxODAwMDAwMDAwMDAwfX0=",
          "dependencies": [
            "azurerm_resource_group.rg"
          ]
        },
        {
          "index_key": "windows",
          "schema_version": 0,
          "attributes": {
            "allocation_method": "Static",
            "ddos_protection_mode": "VirtualNetworkInherited",
            "ddos_protection_plan_id": null,
            "domain_name_label": null,
            "edge_zone": "",
            "fqdn": null,
            "id": "/subscriptions/0b15b40d-18c9-4474-8fa0-26b43d03ba8c/resourceGroups/RabbitMQ-Upwork/providers/Microsoft.Network/publicIPAddresses/pip-RabbitMQ",
            "idle_timeout_in_minutes": 4,
            "ip_address": "52.143.169.216",
            "ip_tags": null,
            "ip_version": "IPv4",
            "location": "francecentral",
            "name": "pip-RabbitMQ",
            "public_ip_prefix_id": null,
            "resource_group_name": "RabbitMQ-Upwork",
            "reverse_fqdn": null,
            "sku": "Standard",
            "sku_tier": "Regional",
            "tags": null,
            "timeouts": null,
            "zones": null
          },
          "sensitive_attributes": [],
          "private": "eyJlMmJmYjczMC1lY2FhLTExZTYtOGY4OC0zNDM2M2JjN2M0YzAiOnsiY3JlYXRlIjoxODAwMDAwMDAwMDAwLCJkZWxldGUiOjE4MDAwMDAwMDAwMDAsInJlYWQiOjMwMDAwMDAwMDAwMCwidXBkYXRlIjoxODAwMDAwMDAwMDAwfX0=",
          "dependencies": [
            "azurerm_resource_group.rg"
          ]
        }
      ]
    },
    {
      "mode": "managed",
      "type": "azurerm_resource_group",
      "name": "rg",
      "provider": "provider[\"registry.terraform.io/hashicorp/azurerm\"]",
      "instances": [
        {
          "schema_version": 0,
          "attributes": {
            "id": "/subscriptions/0b15b40d-18c9-4474-8fa0-26b43d03ba8c/resourceGroups/RabbitMQ-Upwork",
            "location": "francecentral",
            "managed_by": "",
            "name": "RabbitMQ-Upwork",
            "tags": {},
            "timeouts": null
          },
          "sensitive_attributes": [],
          "private": "eyJlMmJmYjczMC1lY2FhLTExZTYtOGY4OC0zNDM2M2JjN2M0YzAiOnsiY3JlYXRlIjo1NDAwMDAwMDAwMDAwLCJkZWxldGUiOjU0MDAwMDAwMDAwMDAsInJlYWQiOjMwMDAwMDAwMDAwMCwidXBkYXRlIjo1NDAwMDAwMDAwMDAwfX0="
        }
      ]
    },
    {
      "mode": "managed",
      "type": "azurerm_subnet",
      "name": "subnet",
      "provider": "provider[\"registry.terraform.io/hashicorp/azurerm\"]",
      "instances": [
        {
          "schema_version": 0,
          "attributes": {
            "address_prefixes": [
              "10.0.20.0/27"
            ],
            "default_outbound_access_enabled": true,
            "delegation": [],
            "enforce_private_link_endpoint_network_policies": false,
            "enforce_private_link_service_network_policies": false,
            "id": "/subscriptions/0b15b40d-18c9-4474-8fa0-26b43d03ba8c/resourceGroups/RabbitMQ-Upwork/providers/Microsoft.Network/virtualNetworks/vnet-ansible/subnets/subnet-ansible",
            "name": "subnet-ansible",
            "private_endpoint_network_policies": "Enabled",
            "private_endpoint_network_policies_enabled": true,
            "private_link_service_network_policies_enabled": true,
            "resource_group_name": "RabbitMQ-Upwork",
            "service_endpoint_policy_ids": [],
            "service_endpoints": [],
            "timeouts": null,
            "virtual_network_name": "vnet-ansible"
          },
          "sensitive_attributes": [],
          "private": "eyJlMmJmYjczMC1lY2FhLTExZTYtOGY4OC0zNDM2M2JjN2M0YzAiOnsiY3JlYXRlIjoxODAwMDAwMDAwMDAwLCJkZWxldGUiOjE4MDAwMDAwMDAwMDAsInJlYWQiOjMwMDAwMDAwMDAwMCwidXBkYXRlIjoxODAwMDAwMDAwMDAwfX0=",
          "dependencies": [
            "azurerm_resource_group.rg",
            "azurerm_virtual_network.vnet"
          ]
        }
      ]
    },
    {
      "mode": "managed",
      "type": "azurerm_virtual_network",
      "name": "vnet",
      "provider": "provider[\"registry.terraform.io/hashicorp/azurerm\"]",
      "instances": [
        {
          "schema_version": 0,
          "attributes": {
            "address_space": [
              "10.0.20.0/25"
            ],
            "bgp_community": "",
            "ddos_protection_plan": [],
            "dns_servers": [],
            "edge_zone": "",
            "encryption": [],
            "flow_timeout_in_minutes": 0,
            "guid": "d557f106-97ab-4d8f-b118-413d1c527ae1",
            "id": "/subscriptions/0b15b40d-18c9-4474-8fa0-26b43d03ba8c/resourceGroups/RabbitMQ-Upwork/providers/Microsoft.Network/virtualNetworks/vnet-ansible",
            "location": "francecentral",
            "name": "vnet-ansible",
            "resource_group_name": "RabbitMQ-Upwork",
            "subnet": [
              {
                "address_prefix": "10.0.20.0/27",
                "id": "/subscriptions/0b15b40d-18c9-4474-8fa0-26b43d03ba8c/resourceGroups/RabbitMQ-Upwork/providers/Microsoft.Network/virtualNetworks/vnet-ansible/subnets/subnet-ansible",
                "name": "subnet-ansible",
                "security_group": ""
              }
            ],
            "tags": {},
            "timeouts": null
          },
          "sensitive_attributes": [],
          "private": "eyJlMmJmYjczMC1lY2FhLTExZTYtOGY4OC0zNDM2M2JjN2M0YzAiOnsiY3JlYXRlIjoxODAwMDAwMDAwMDAwLCJkZWxldGUiOjE4MDAwMDAwMDAwMDAsInJlYWQiOjMwMDAwMDAwMDAwMCwidXBkYXRlIjoxODAwMDAwMDAwMDAwfX0=",
          "dependencies": [
            "azurerm_resource_group.rg"
          ]
        }
      ]
    },
    {
      "mode": "managed",
      "type": "azurerm_windows_virtual_machine",
      "name": "vm_windows",
      "provider": "provider[\"registry.terraform.io/hashicorp/azurerm\"]",
      "instances": [
        {
          "index_key": "windows",
          "schema_version": 0,
          "attributes": {
            "additional_capabilities": [],
            "additional_unattend_content": [],
            "admin_password": "SALE-hay1993",
            "admin_username": "Ayoub",
            "allow_extension_operations": true,
            "availability_set_id": "",
            "boot_diagnostics": [],
            "bypass_platform_safety_checks_on_user_schedule_enabled": false,
            "capacity_reservation_group_id": "",
            "computer_name": "RabbitMQ",
            "custom_data": null,
            "dedicated_host_group_id": "",
            "dedicated_host_id": "",
            "disk_controller_type": "",
            "edge_zone": "",
            "enable_automatic_updates": true,
            "encryption_at_host_enabled": false,
            "eviction_policy": "",
            "extensions_time_budget": "PT1H30M",
            "gallery_application": [],
            "hotpatching_enabled": false,
            "id": "/subscriptions/0b15b40d-18c9-4474-8fa0-26b43d03ba8c/resourceGroups/RabbitMQ-Upwork/providers/Microsoft.Compute/virtualMachines/RabbitMQ",
            "identity": [],
            "license_type": "",
            "location": "francecentral",
            "max_bid_price": -1,
            "name": "RabbitMQ",
            "network_interface_ids": [
              "/subscriptions/0b15b40d-18c9-4474-8fa0-26b43d03ba8c/resourceGroups/RabbitMQ-Upwork/providers/Microsoft.Network/networkInterfaces/nic-RabbitMQ"
            ],
            "os_disk": [
              {
                "caching": "ReadWrite",
                "diff_disk_settings": [],
                "disk_encryption_set_id": "",
                "disk_size_gb": 127,
                "name": "RabbitMQ_OsDisk_1_cddf55195fef45d19e4e35c471c9e9ce",
                "secure_vm_disk_encryption_set_id": "",
                "security_encryption_type": "",
                "storage_account_type": "Standard_LRS",
                "write_accelerator_enabled": false
              }
            ],
            "os_image_notification": [],
            "patch_assessment_mode": "ImageDefault",
            "patch_mode": "AutomaticByOS",
            "plan": [],
            "platform_fault_domain": -1,
            "priority": "Regular",
            "private_ip_address": "10.0.20.6",
            "private_ip_addresses": [
              "10.0.20.6"
            ],
            "provision_vm_agent": true,
            "proximity_placement_group_id": "",
            "public_ip_address": "52.143.169.216",
            "public_ip_addresses": [
              "52.143.169.216"
            ],
            "reboot_setting": "",
            "resource_group_name": "RabbitMQ-Upwork",
            "secret": [],
            "secure_boot_enabled": false,
            "size": "Standard_B2s",
            "source_image_id": "",
            "source_image_reference": [
              {
                "offer": "WindowsServer",
                "publisher": "MicrosoftWindowsServer",
                "sku": "2022-Datacenter",
                "version": "latest"
              }
            ],
            "tags": null,
            "termination_notification": null,
            "timeouts": null,
            "timezone": "",
            "user_data": "",
            "virtual_machine_id": "c7f90e64-3f4c-4463-850b-52eb9bc4ee65",
            "virtual_machine_scale_set_id": "",
            "vm_agent_platform_updates_enabled": true,
            "vtpm_enabled": false,
            "winrm_listener": [],
            "zone": ""
          },
          "sensitive_attributes": [
            [
              {
                "type": "get_attr",
                "value": "admin_password"
              }
            ],
            [
              {
                "type": "get_attr",
                "value": "custom_data"
              }
            ]
          ],
          "private": "eyJlMmJmYjczMC1lY2FhLTExZTYtOGY4OC0zNDM2M2JjN2M0YzAiOnsiY3JlYXRlIjoyNzAwMDAwMDAwMDAwLCJkZWxldGUiOjI3MDAwMDAwMDAwMDAsInJlYWQiOjMwMDAwMDAwMDAwMCwidXBkYXRlIjoyNzAwMDAwMDAwMDAwfX0=",
          "dependencies": [
            "azurerm_network_interface.nic",
            "azurerm_public_ip.pip",
            "azurerm_resource_group.rg",
            "azurerm_subnet.subnet",
            "azurerm_virtual_network.vnet"
          ]
        }
      ]
    }
  ],
  "check_results": null
}
